// !$*UTF8*$!
{
	archiveVersion = 1;
	classes = {
	};
	objectVersion = 46;
	objects = {

/* Begin PBXBuildFile section */
		15E3EA49135459B6009C784C /* encore.gif in Resources */ = {isa = PBXBuildFile; fileRef = 15E3EA40135459B6009C784C /* encore.gif */; };
		15E3EA4A135459B6009C784C /* getmein.jpg in Resources */ = {isa = PBXBuildFile; fileRef = 15E3EA41135459B6009C784C /* getmein.jpg */; };
		15E3EA4B135459B6009C784C /* lastminute.gif in Resources */ = {isa = PBXBuildFile; fileRef = 15E3EA42135459B6009C784C /* lastminute.gif */; };
		15E3EA4C135459B6009C784C /* londontheatredirect.jpg in Resources */ = {isa = PBXBuildFile; fileRef = 15E3EA43135459B6009C784C /* londontheatredirect.jpg */; };
		15E3EA4D135459B6009C784C /* seatwave.jpg in Resources */ = {isa = PBXBuildFile; fileRef = 15E3EA44135459B6009C784C /* seatwave.jpg */; };
		15E3EA4E135459B6009C784C /* see.jpg in Resources */ = {isa = PBXBuildFile; fileRef = 15E3EA45135459B6009C784C /* see.jpg */; };
		15E3EA4F135459B6009C784C /* ticketmaster.jpg in Resources */ = {isa = PBXBuildFile; fileRef = 15E3EA46135459B6009C784C /* ticketmaster.jpg */; };
		15E3EA50135459B6009C784C /* uktickets.jpg in Resources */ = {isa = PBXBuildFile; fileRef = 15E3EA47135459B6009C784C /* uktickets.jpg */; };
		15E3EA51135459B6009C784C /* viagogo.jpg in Resources */ = {isa = PBXBuildFile; fileRef = 15E3EA48135459B6009C784C /* viagogo.jpg */; };
		1D3623260D0F684500981E51 /* TheatreBillboardAppDelegate.m in Sources */ = {isa = PBXBuildFile; fileRef = 1D3623250D0F684500981E51 /* TheatreBillboardAppDelegate.m */; };
		1D60589B0D05DD56006BFB54 /* main.m in Sources */ = {isa = PBXBuildFile; fileRef = 29B97316FDCFA39411CA2CEA /* main.m */; };
		1D60589F0D05DD5A006BFB54 /* Foundation.framework in Frameworks */ = {isa = PBXBuildFile; fileRef = 1D30AB110D05D00D00671497 /* Foundation.framework */; };
		1DF5F4E00D08C38300B7A737 /* UIKit.framework in Frameworks */ = {isa = PBXBuildFile; fileRef = 1DF5F4DF0D08C38300B7A737 /* UIKit.framework */; };
		288765FD0DF74451002DB57D /* CoreGraphics.framework in Frameworks */ = {isa = PBXBuildFile; fileRef = 288765FC0DF74451002DB57D /* CoreGraphics.framework */; };
		28AD733F0D9D9553002E5188 /* MainWindow.xib in Resources */ = {isa = PBXBuildFile; fileRef = 28AD733E0D9D9553002E5188 /* MainWindow.xib */; };
		8540879A139421A40018ACFF /* Theatres.plist in Resources */ = {isa = PBXBuildFile; fileRef = 85408799139421A40018ACFF /* Theatres.plist */; };
		854087AB139425590018ACFF /* MapKit.framework in Frameworks */ = {isa = PBXBuildFile; fileRef = 854087AA139425590018ACFF /* MapKit.framework */; };
		854087AD139425680018ACFF /* CoreLocation.framework in Frameworks */ = {isa = PBXBuildFile; fileRef = 854087AC139425680018ACFF /* CoreLocation.framework */; };
		85E412BB1383B49B00F2DEE9 /* billboardwriting2.png in Resources */ = {isa = PBXBuildFile; fileRef = 85E412BA1383B49B00F2DEE9 /* billboardwriting2.png */; };
		85FD4BC7137D5D0A00F51CC5 /* 340x411crop.png in Resources */ = {isa = PBXBuildFile; fileRef = 85FD4BC6137D5D0A00F51CC5 /* 340x411crop.png */; };
		85FD4BC9137D5D2D00F51CC5 /* 340x411squashed.png in Resources */ = {isa = PBXBuildFile; fileRef = 85FD4BC8137D5D2D00F51CC5 /* 340x411squashed.png */; };
		85FD4BE6137D71A500F51CC5 /* 320x80.png in Resources */ = {isa = PBXBuildFile; fileRef = 85FD4BE5137D71A500F51CC5 /* 320x80.png */; };
		85FD4BEA137D758000F51CC5 /* 178-city.png in Resources */ = {isa = PBXBuildFile; fileRef = 85FD4BE9137D758000F51CC5 /* 178-city.png */; };
		85FD4BF9137FEFD800F51CC5 /* 59-info.png in Resources */ = {isa = PBXBuildFile; fileRef = 85FD4BF8137FEFD800F51CC5 /* 59-info.png */; };
		980F5ACF129FA9B4009CA884 /* arrow.png in Resources */ = {isa = PBXBuildFile; fileRef = 980F5ACE129FA9B4009CA884 /* arrow.png */; };
		980F5AE2129FABC0009CA884 /* table2.png in Resources */ = {isa = PBXBuildFile; fileRef = 980F5AE0129FABC0009CA884 /* table2.png */; };
		980F5B4C129FB81C009CA884 /* arrowClear.png in Resources */ = {isa = PBXBuildFile; fileRef = 980F5B4B129FB81C009CA884 /* arrowClear.png */; };
		980F5BC2129FC84E009CA884 /* arrow@2x.png in Resources */ = {isa = PBXBuildFile; fileRef = 980F5BC0129FC84E009CA884 /* arrow@2x.png */; };
		980F5BC3129FC84E009CA884 /* table2@2x.png in Resources */ = {isa = PBXBuildFile; fileRef = 980F5BC1129FC84E009CA884 /* table2@2x.png */; };
		98818919129E3AD300D78113 /* banner1.png in Resources */ = {isa = PBXBuildFile; fileRef = 98818918129E3AD300D78113 /* banner1.png */; };
		98818940129E401000D78113 /* back.png in Resources */ = {isa = PBXBuildFile; fileRef = 9881893F129E401000D78113 /* back.png */; };
		98818A6D129E826700D78113 /* ShowNamesViewController.m in Sources */ = {isa = PBXBuildFile; fileRef = 98818A6B129E826700D78113 /* ShowNamesViewController.m */; };
		98A7CF71129D29A4006B8FF8 /* banner.png in Resources */ = {isa = PBXBuildFile; fileRef = 98A7CF6E129D29A4006B8FF8 /* banner.png */; };
		98B1504C129A528B007D2E15 /* SearchViewController.m in Sources */ = {isa = PBXBuildFile; fileRef = 98B1504A129A528B007D2E15 /* SearchViewController.m */; };
		98B1504D129A528B007D2E15 /* SearchViewController.xib in Resources */ = {isa = PBXBuildFile; fileRef = 98B1504B129A528B007D2E15 /* SearchViewController.xib */; };
		98B15059129A52BA007D2E15 /* DisplayViewController.m in Sources */ = {isa = PBXBuildFile; fileRef = 98B15057129A52BA007D2E15 /* DisplayViewController.m */; };
		98B8FADE12A379BB0046CEE2 /* newspaper.png in Resources */ = {isa = PBXBuildFile; fileRef = 98B8FADD12A379BB0046CEE2 /* newspaper.png */; };
		98B8FC6612A3E6970046CEE2 /* backW.png in Resources */ = {isa = PBXBuildFile; fileRef = 98B8FC6412A3E6970046CEE2 /* backW.png */; };
		98B8FC6712A3E6970046CEE2 /* next.png in Resources */ = {isa = PBXBuildFile; fileRef = 98B8FC6512A3E6970046CEE2 /* next.png */; };
		9B0BB060175409EE002B4B13 /* WebViewController.m in Sources */ = {isa = PBXBuildFile; fileRef = 9B0BB05E175409ED002B4B13 /* WebViewController.m */; };
		9B0BB061175409EE002B4B13 /* WebViewController.xib in Resources */ = {isa = PBXBuildFile; fileRef = 9B0BB05F175409ED002B4B13 /* WebViewController.xib */; };
		9B0BB06F17554566002B4B13 /* NewMapViewController.m in Sources */ = {isa = PBXBuildFile; fileRef = 9B0BB06D17554566002B4B13 /* NewMapViewController.m */; };
		9B0BB07017554566002B4B13 /* NewMapViewController.xib in Resources */ = {isa = PBXBuildFile; fileRef = 9B0BB06E17554566002B4B13 /* NewMapViewController.xib */; };
		9B0BB07A1756828B002B4B13 /* NewRelicAgent.framework in Frameworks */ = {isa = PBXBuildFile; fileRef = 9B0BB0791756828B002B4B13 /* NewRelicAgent.framework */; };
		9B0BB07C1756835B002B4B13 /* CoreTelephony.framework in Frameworks */ = {isa = PBXBuildFile; fileRef = 9B0BB07B1756835B002B4B13 /* CoreTelephony.framework */; };
		9B0BB07E17568368002B4B13 /* SystemConfiguration.framework in Frameworks */ = {isa = PBXBuildFile; fileRef = 9B0BB07D17568368002B4B13 /* SystemConfiguration.framework */; };
		9B0BB08017568377002B4B13 /* libz.dylib in Frameworks */ = {isa = PBXBuildFile; fileRef = 9B0BB07F17568377002B4B13 /* libz.dylib */; };
		9B3C35631749695900312233 /* WickedImg.jpg in Resources */ = {isa = PBXBuildFile; fileRef = 9B3C35621749695900312233 /* WickedImg.jpg */; };
		9B4DB7591742899000EBF77E /* EventsViewController.m in Sources */ = {isa = PBXBuildFile; fileRef = 9B4DB7571742899000EBF77E /* EventsViewController.m */; };
		9B4DB75A1742899000EBF77E /* EventsViewController.xib in Resources */ = {isa = PBXBuildFile; fileRef = 9B4DB7581742899000EBF77E /* EventsViewController.xib */; };
		9B4DB75C17428C3000EBF77E /* ShowNamesViewController.xib in Resources */ = {isa = PBXBuildFile; fileRef = 9B4DB75B17428C3000EBF77E /* ShowNamesViewController.xib */; };
		F406F6261753CA1F006601C5 /* VenuesParser.m in Sources */ = {isa = PBXBuildFile; fileRef = F406F6251753CA1F006601C5 /* VenuesParser.m */; };
		F406F6291753CA59006601C5 /* Venues.m in Sources */ = {isa = PBXBuildFile; fileRef = F406F6281753CA59006601C5 /* Venues.m */; };
		F406F62B1753DFFC006601C5 /* APPBACKDROP568.png in Resources */ = {isa = PBXBuildFile; fileRef = F406F62A1753DFFC006601C5 /* APPBACKDROP568.png */; };
		F406F62D1753E030006601C5 /* Default-568h@2x.png in Resources */ = {isa = PBXBuildFile; fileRef = F406F62C1753E030006601C5 /* Default-568h@2x.png */; };
		F406F62F1753E506006601C5 /* backupIMG.png in Resources */ = {isa = PBXBuildFile; fileRef = F406F62E1753E506006601C5 /* backupIMG.png */; };
		F42EC1E2174A112F006F147E /* EventsParser.m in Sources */ = {isa = PBXBuildFile; fileRef = F42EC1E1174A112F006F147E /* EventsParser.m */; };
		F42EC1E5174A1AD8006F147E /* Shows.m in Sources */ = {isa = PBXBuildFile; fileRef = F42EC1E4174A1AD8006F147E /* Shows.m */; };
		F42EC1E8174A1B59006F147E /* Shows2.m in Sources */ = {isa = PBXBuildFile; fileRef = F42EC1E7174A1B59006F147E /* Shows2.m */; };
		F42EC22E174A4AF0006F147E /* MainWindow-iPad.xib in Resources */ = {isa = PBXBuildFile; fileRef = F42EC22D174A4AF0006F147E /* MainWindow-iPad.xib */; };
		F42EC26F174A616C006F147E /* 1.png in Resources */ = {isa = PBXBuildFile; fileRef = F42EC263174A616B006F147E /* 1.png */; };
		F42EC270174A616C006F147E /* 2.png in Resources */ = {isa = PBXBuildFile; fileRef = F42EC264174A616B006F147E /* 2.png */; };
		F42EC271174A616C006F147E /* 3.png in Resources */ = {isa = PBXBuildFile; fileRef = F42EC265174A616B006F147E /* 3.png */; };
		F42EC272174A616C006F147E /* 4.png in Resources */ = {isa = PBXBuildFile; fileRef = F42EC266174A616B006F147E /* 4.png */; };
		F42EC273174A616C006F147E /* 5.png in Resources */ = {isa = PBXBuildFile; fileRef = F42EC267174A616B006F147E /* 5.png */; };
		F42EC274174A616C006F147E /* 6.png in Resources */ = {isa = PBXBuildFile; fileRef = F42EC268174A616B006F147E /* 6.png */; };
		F42EC275174A616C006F147E /* 7.png in Resources */ = {isa = PBXBuildFile; fileRef = F42EC269174A616B006F147E /* 7.png */; };
		F42EC276174A616C006F147E /* 8.png in Resources */ = {isa = PBXBuildFile; fileRef = F42EC26A174A616B006F147E /* 8.png */; };
		F42EC277174A616C006F147E /* 9.png in Resources */ = {isa = PBXBuildFile; fileRef = F42EC26B174A616B006F147E /* 9.png */; };
		F42EC278174A616C006F147E /* 10.png in Resources */ = {isa = PBXBuildFile; fileRef = F42EC26C174A616C006F147E /* 10.png */; };
		F42EC279174A616C006F147E /* 11.png in Resources */ = {isa = PBXBuildFile; fileRef = F42EC26D174A616C006F147E /* 11.png */; };
		F42EC27A174A616C006F147E /* 12.png in Resources */ = {isa = PBXBuildFile; fileRef = F42EC26E174A616C006F147E /* 12.png */; };
		F42EC282174A9D80006F147E /* THLOGOalpha.png in Resources */ = {isa = PBXBuildFile; fileRef = F42EC281174A9D80006F147E /* THLOGOalpha.png */; };
		F4337B061655476C00E17025 /* iPhoneHeader.png in Resources */ = {isa = PBXBuildFile; fileRef = F4337B051655476C00E17025 /* iPhoneHeader.png */; };
		F4337B081655492A00E17025 /* APPBACKDROP.png in Resources */ = {isa = PBXBuildFile; fileRef = F4337B071655492A00E17025 /* APPBACKDROP.png */; };
		F4337B0A165549D000E17025 /* DATEBACKBANNER.png in Resources */ = {isa = PBXBuildFile; fileRef = F4337B09165549D000E17025 /* DATEBACKBANNER.png */; };
		F4337B0E16554C4700E17025 /* SEARCHBACKDROP.png in Resources */ = {isa = PBXBuildFile; fileRef = F4337B0D16554C4700E17025 /* SEARCHBACKDROP.png */; };
		F43FF0A71753C86D004D19B1 /* VenuesViewController.m in Sources */ = {isa = PBXBuildFile; fileRef = F43FF0A51753C86D004D19B1 /* VenuesViewController.m */; };
		F43FF0A81753C86D004D19B1 /* VenuesViewController.xib in Resources */ = {isa = PBXBuildFile; fileRef = F43FF0A61753C86D004D19B1 /* VenuesViewController.xib */; };
		F48CE071165F7F6200B515B0 /* tw.jpg in Resources */ = {isa = PBXBuildFile; fileRef = F48CE070165F7F6200B515B0 /* tw.jpg */; };
		F4B0DC38165B95B9000F0494 /* 07-map-marker.png in Resources */ = {isa = PBXBuildFile; fileRef = F4B0DC37165B95B9000F0494 /* 07-map-marker.png */; };
		F4B0DC3E165B9741000F0494 /* 103-map.png in Resources */ = {isa = PBXBuildFile; fileRef = F4B0DC3D165B9741000F0494 /* 103-map.png */; };
		F4B0DC40165B982E000F0494 /* 124-bullhorn.png in Resources */ = {isa = PBXBuildFile; fileRef = F4B0DC3F165B982E000F0494 /* 124-bullhorn.png */; };
		F4B0DCF5165BAB92000F0494 /* fb.jpg in Resources */ = {isa = PBXBuildFile; fileRef = F4B0DCF4165BAB92000F0494 /* fb.jpg */; };
		F4B0DD00165BB626000F0494 /* ContactViewController.m in Sources */ = {isa = PBXBuildFile; fileRef = F4B0DCFE165BB625000F0494 /* ContactViewController.m */; };
		F4B0DD01165BB626000F0494 /* ContactViewController.xib in Resources */ = {isa = PBXBuildFile; fileRef = F4B0DCFF165BB626000F0494 /* ContactViewController.xib */; };
		F4B0DD03165BB8AD000F0494 /* em.jpg in Resources */ = {isa = PBXBuildFile; fileRef = F4B0DD02165BB8AD000F0494 /* em.jpg */; };
		F4B0DD05165BB924000F0494 /* 09-chat-2.png in Resources */ = {isa = PBXBuildFile; fileRef = F4B0DD04165BB924000F0494 /* 09-chat-2.png */; };
		F4B0DD0F165BC7FB000F0494 /* app114x114.png in Resources */ = {isa = PBXBuildFile; fileRef = F4B0DD0E165BC7EE000F0494 /* app114x114.png */; };
		F4B0DD11165BC837000F0494 /* app57x57.png in Resources */ = {isa = PBXBuildFile; fileRef = F4B0DD10165BC810000F0494 /* app57x57.png */; };
		F4B38A50166242B10031863A /* Default.png in Resources */ = {isa = PBXBuildFile; fileRef = F4B38A4E166242B10031863A /* Default.png */; };
		F4B38A51166242B10031863A /* Default@2x.png in Resources */ = {isa = PBXBuildFile; fileRef = F4B38A4F166242B10031863A /* Default@2x.png */; };
		F4C83929165A59D000DD7589 /* TC.png in Resources */ = {isa = PBXBuildFile; fileRef = F4C83927165A59D000DD7589 /* TC.png */; };
		F4C8392A165A59D000DD7589 /* TC2.png in Resources */ = {isa = PBXBuildFile; fileRef = F4C83928165A59D000DD7589 /* TC2.png */; };
		F4E41CA9174F6B8100294E54 /* ResultsViewController.m in Sources */ = {isa = PBXBuildFile; fileRef = F4E41CA7174F6B8100294E54 /* ResultsViewController.m */; };
		F4E41CAA174F6B8100294E54 /* ResultsViewController.xib in Resources */ = {isa = PBXBuildFile; fileRef = F4E41CA8174F6B8100294E54 /* ResultsViewController.xib */; };
		F4E41CAF174F80D700294E54 /* Results.m in Sources */ = {isa = PBXBuildFile; fileRef = F4E41CAE174F80D700294E54 /* Results.m */; };
		F4E41CB2174F836500294E54 /* ResultsParser.m in Sources */ = {isa = PBXBuildFile; fileRef = F4E41CB1174F836500294E54 /* ResultsParser.m */; };
		F4E41D571753628900294E54 /* MBProgressHUD.m in Sources */ = {isa = PBXBuildFile; fileRef = F4E41D561753628900294E54 /* MBProgressHUD.m */; };
		F4EDA27B17369786007BB77F /* Venues.xml in Resources */ = {isa = PBXBuildFile; fileRef = F4EDA27A17369786007BB77F /* Venues.xml */; };
		F4EDA2801748C87E007BB77F /* ShowListParser.m in Sources */ = {isa = PBXBuildFile; fileRef = F4EDA27F1748C87E007BB77F /* ShowListParser.m */; };
		F4EDA2841748C8F6007BB77F /* ShowsList.m in Sources */ = {isa = PBXBuildFile; fileRef = F4EDA2831748C8F6007BB77F /* ShowsList.m */; };
/* End PBXBuildFile section */

/* Begin PBXFileReference section */
		15AD15A51333695C00253319 /* TheTicketHunter.app */ = {isa = PBXFileReference; explicitFileType = wrapper.application; includeInIndex = 0; path = TheTicketHunter.app; sourceTree = BUILT_PRODUCTS_DIR; };
		15E3EA40135459B6009C784C /* encore.gif */ = {isa = PBXFileReference; lastKnownFileType = image.gif; path = encore.gif; sourceTree = "<group>"; };
		15E3EA41135459B6009C784C /* getmein.jpg */ = {isa = PBXFileReference; lastKnownFileType = image.jpeg; path = getmein.jpg; sourceTree = "<group>"; };
		15E3EA42135459B6009C784C /* lastminute.gif */ = {isa = PBXFileReference; lastKnownFileType = image.gif; path = lastminute.gif; sourceTree = "<group>"; };
		15E3EA43135459B6009C784C /* londontheatredirect.jpg */ = {isa = PBXFileReference; lastKnownFileType = image.jpeg; path = londontheatredirect.jpg; sourceTree = "<group>"; };
		15E3EA44135459B6009C784C /* seatwave.jpg */ = {isa = PBXFileReference; lastKnownFileType = image.jpeg; path = seatwave.jpg; sourceTree = "<group>"; };
		15E3EA45135459B6009C784C /* see.jpg */ = {isa = PBXFileReference; lastKnownFileType = image.jpeg; path = see.jpg; sourceTree = "<group>"; };
		15E3EA46135459B6009C784C /* ticketmaster.jpg */ = {isa = PBXFileReference; lastKnownFileType = image.jpeg; path = ticketmaster.jpg; sourceTree = "<group>"; };
		15E3EA47135459B6009C784C /* uktickets.jpg */ = {isa = PBXFileReference; lastKnownFileType = image.jpeg; path = uktickets.jpg; sourceTree = "<group>"; };
		15E3EA48135459B6009C784C /* viagogo.jpg */ = {isa = PBXFileReference; lastKnownFileType = image.jpeg; path = viagogo.jpg; sourceTree = "<group>"; };
		1D30AB110D05D00D00671497 /* Foundation.framework */ = {isa = PBXFileReference; lastKnownFileType = wrapper.framework; name = Foundation.framework; path = System/Library/Frameworks/Foundation.framework; sourceTree = SDKROOT; };
		1D3623240D0F684500981E51 /* TheatreBillboardAppDelegate.h */ = {isa = PBXFileReference; fileEncoding = 4; lastKnownFileType = sourcecode.c.h; path = TheatreBillboardAppDelegate.h; sourceTree = "<group>"; };
		1D3623250D0F684500981E51 /* TheatreBillboardAppDelegate.m */ = {isa = PBXFileReference; fileEncoding = 4; lastKnownFileType = sourcecode.c.objc; path = TheatreBillboardAppDelegate.m; sourceTree = "<group>"; };
		1DF5F4DF0D08C38300B7A737 /* UIKit.framework */ = {isa = PBXFileReference; lastKnownFileType = wrapper.framework; name = UIKit.framework; path = System/Library/Frameworks/UIKit.framework; sourceTree = SDKROOT; };
		288765FC0DF74451002DB57D /* CoreGraphics.framework */ = {isa = PBXFileReference; lastKnownFileType = wrapper.framework; name = CoreGraphics.framework; path = System/Library/Frameworks/CoreGraphics.framework; sourceTree = SDKROOT; };
		28AD733E0D9D9553002E5188 /* MainWindow.xib */ = {isa = PBXFileReference; lastKnownFileType = file.xib; path = MainWindow.xib; sourceTree = "<group>"; };
		29B97316FDCFA39411CA2CEA /* main.m */ = {isa = PBXFileReference; fileEncoding = 4; lastKnownFileType = sourcecode.c.objc; path = main.m; sourceTree = "<group>"; };
		32CA4F630368D1EE00C91783 /* TheTicketHunter_Prefix.pch */ = {isa = PBXFileReference; fileEncoding = 4; lastKnownFileType = sourcecode.c.h; path = TheTicketHunter_Prefix.pch; sourceTree = "<group>"; };
		85408799139421A40018ACFF /* Theatres.plist */ = {isa = PBXFileReference; fileEncoding = 4; lastKnownFileType = text.plist.xml; path = Theatres.plist; sourceTree = "<group>"; };
		854087AA139425590018ACFF /* MapKit.framework */ = {isa = PBXFileReference; lastKnownFileType = wrapper.framework; name = MapKit.framework; path = System/Library/Frameworks/MapKit.framework; sourceTree = SDKROOT; };
		854087AC139425680018ACFF /* CoreLocation.framework */ = {isa = PBXFileReference; lastKnownFileType = wrapper.framework; name = CoreLocation.framework; path = System/Library/Frameworks/CoreLocation.framework; sourceTree = SDKROOT; };
		85E412BA1383B49B00F2DEE9 /* billboardwriting2.png */ = {isa = PBXFileReference; lastKnownFileType = image.png; path = billboardwriting2.png; sourceTree = "<group>"; };
		85FD4BC6137D5D0A00F51CC5 /* 340x411crop.png */ = {isa = PBXFileReference; lastKnownFileType = image.png; path = 340x411crop.png; sourceTree = "<group>"; };
		85FD4BC8137D5D2D00F51CC5 /* 340x411squashed.png */ = {isa = PBXFileReference; lastKnownFileType = image.png; path = 340x411squashed.png; sourceTree = "<group>"; };
		85FD4BE5137D71A500F51CC5 /* 320x80.png */ = {isa = PBXFileReference; lastKnownFileType = image.png; path = 320x80.png; sourceTree = "<group>"; };
		85FD4BE9137D758000F51CC5 /* 178-city.png */ = {isa = PBXFileReference; lastKnownFileType = image.png; path = "178-city.png"; sourceTree = "<group>"; };
		85FD4BF8137FEFD800F51CC5 /* 59-info.png */ = {isa = PBXFileReference; lastKnownFileType = image.png; path = "59-info.png"; sourceTree = "<group>"; };
		8D1107310486CEB800E47090 /* TheTicketHunter-Info.plist */ = {isa = PBXFileReference; fileEncoding = 4; lastKnownFileType = text.plist.xml; path = "TheTicketHunter-Info.plist"; plistStructureDefinitionIdentifier = "com.apple.xcode.plist.structure-definition.iphone.info-plist"; sourceTree = "<group>"; };
		980F5ACE129FA9B4009CA884 /* arrow.png */ = {isa = PBXFileReference; lastKnownFileType = image.png; path = arrow.png; sourceTree = "<group>"; };
		980F5AE0129FABC0009CA884 /* table2.png */ = {isa = PBXFileReference; lastKnownFileType = image.png; path = table2.png; sourceTree = "<group>"; };
		980F5B4B129FB81C009CA884 /* arrowClear.png */ = {isa = PBXFileReference; lastKnownFileType = image.png; path = arrowClear.png; sourceTree = "<group>"; };
		980F5BC0129FC84E009CA884 /* arrow@2x.png */ = {isa = PBXFileReference; lastKnownFileType = image.png; path = "arrow@2x.png"; sourceTree = "<group>"; };
		980F5BC1129FC84E009CA884 /* table2@2x.png */ = {isa = PBXFileReference; lastKnownFileType = image.png; path = "table2@2x.png"; sourceTree = "<group>"; };
		98818918129E3AD300D78113 /* banner1.png */ = {isa = PBXFileReference; lastKnownFileType = image.png; path = banner1.png; sourceTree = "<group>"; };
		9881893F129E401000D78113 /* back.png */ = {isa = PBXFileReference; lastKnownFileType = image.png; path = back.png; sourceTree = "<group>"; };
		98818A6A129E826700D78113 /* ShowNamesViewController.h */ = {isa = PBXFileReference; fileEncoding = 4; lastKnownFileType = sourcecode.c.h; path = ShowNamesViewController.h; sourceTree = "<group>"; };
		98818A6B129E826700D78113 /* ShowNamesViewController.m */ = {isa = PBXFileReference; fileEncoding = 4; lastKnownFileType = sourcecode.c.objc; path = ShowNamesViewController.m; sourceTree = "<group>"; };
		98A7CF6E129D29A4006B8FF8 /* banner.png */ = {isa = PBXFileReference; lastKnownFileType = image.png; path = banner.png; sourceTree = "<group>"; };
		98B15049129A528B007D2E15 /* SearchViewController.h */ = {isa = PBXFileReference; fileEncoding = 4; lastKnownFileType = sourcecode.c.h; path = SearchViewController.h; sourceTree = "<group>"; };
		98B1504A129A528B007D2E15 /* SearchViewController.m */ = {isa = PBXFileReference; fileEncoding = 4; lastKnownFileType = sourcecode.c.objc; path = SearchViewController.m; sourceTree = "<group>"; wrapsLines = 1; };
		98B1504B129A528B007D2E15 /* SearchViewController.xib */ = {isa = PBXFileReference; lastKnownFileType = file.xib; name = SearchViewController.xib; path = Classes/SearchViewController.xib; sourceTree = "<group>"; };
		98B15056129A52BA007D2E15 /* DisplayViewController.h */ = {isa = PBXFileReference; fileEncoding = 4; lastKnownFileType = sourcecode.c.h; path = DisplayViewController.h; sourceTree = "<group>"; };
		98B15057129A52BA007D2E15 /* DisplayViewController.m */ = {isa = PBXFileReference; fileEncoding = 4; lastKnownFileType = sourcecode.c.objc; path = DisplayViewController.m; sourceTree = "<group>"; };
		98B8FADD12A379BB0046CEE2 /* newspaper.png */ = {isa = PBXFileReference; lastKnownFileType = image.png; path = newspaper.png; sourceTree = "<group>"; };
		98B8FC6412A3E6970046CEE2 /* backW.png */ = {isa = PBXFileReference; lastKnownFileType = image.png; path = backW.png; sourceTree = "<group>"; };
		98B8FC6512A3E6970046CEE2 /* next.png */ = {isa = PBXFileReference; lastKnownFileType = image.png; path = next.png; sourceTree = "<group>"; };
		9B0BB05D175409ED002B4B13 /* WebViewController.h */ = {isa = PBXFileReference; fileEncoding = 4; lastKnownFileType = sourcecode.c.h; name = WebViewController.h; path = ../WebViewController.h; sourceTree = "<group>"; };
		9B0BB05E175409ED002B4B13 /* WebViewController.m */ = {isa = PBXFileReference; fileEncoding = 4; lastKnownFileType = sourcecode.c.objc; name = WebViewController.m; path = ../WebViewController.m; sourceTree = "<group>"; };
		9B0BB05F175409ED002B4B13 /* WebViewController.xib */ = {isa = PBXFileReference; fileEncoding = 4; lastKnownFileType = file.xib; path = WebViewController.xib; sourceTree = "<group>"; };
		9B0BB06C17554566002B4B13 /* NewMapViewController.h */ = {isa = PBXFileReference; fileEncoding = 4; lastKnownFileType = sourcecode.c.h; name = NewMapViewController.h; path = ../NewMapViewController.h; sourceTree = "<group>"; };
		9B0BB06D17554566002B4B13 /* NewMapViewController.m */ = {isa = PBXFileReference; fileEncoding = 4; lastKnownFileType = sourcecode.c.objc; name = NewMapViewController.m; path = ../NewMapViewController.m; sourceTree = "<group>"; };
		9B0BB06E17554566002B4B13 /* NewMapViewController.xib */ = {isa = PBXFileReference; fileEncoding = 4; lastKnownFileType = file.xib; path = NewMapViewController.xib; sourceTree = "<group>"; };
		9B0BB0791756828B002B4B13 /* NewRelicAgent.framework */ = {isa = PBXFileReference; lastKnownFileType = wrapper.framework; path = NewRelicAgent.framework; sourceTree = "<group>"; };
		9B0BB07B1756835B002B4B13 /* CoreTelephony.framework */ = {isa = PBXFileReference; lastKnownFileType = wrapper.framework; name = CoreTelephony.framework; path = System/Library/Frameworks/CoreTelephony.framework; sourceTree = SDKROOT; };
		9B0BB07D17568368002B4B13 /* SystemConfiguration.framework */ = {isa = PBXFileReference; lastKnownFileType = wrapper.framework; name = SystemConfiguration.framework; path = System/Library/Frameworks/SystemConfiguration.framework; sourceTree = SDKROOT; };
		9B0BB07F17568377002B4B13 /* libz.dylib */ = {isa = PBXFileReference; lastKnownFileType = "compiled.mach-o.dylib"; name = libz.dylib; path = usr/lib/libz.dylib; sourceTree = SDKROOT; };
		9B3C35621749695900312233 /* WickedImg.jpg */ = {isa = PBXFileReference; lastKnownFileType = image.jpeg; path = WickedImg.jpg; sourceTree = "<group>"; };
		9B4DB7561742899000EBF77E /* EventsViewController.h */ = {isa = PBXFileReference; fileEncoding = 4; lastKnownFileType = sourcecode.c.h; name = EventsViewController.h; path = ../EventsViewController.h; sourceTree = "<group>"; };
		9B4DB7571742899000EBF77E /* EventsViewController.m */ = {isa = PBXFileReference; fileEncoding = 4; lastKnownFileType = sourcecode.c.objc; name = EventsViewController.m; path = ../EventsViewController.m; sourceTree = "<group>"; };
		9B4DB7581742899000EBF77E /* EventsViewController.xib */ = {isa = PBXFileReference; fileEncoding = 4; lastKnownFileType = file.xib; path = EventsViewController.xib; sourceTree = "<group>"; };
		9B4DB75B17428C3000EBF77E /* ShowNamesViewController.xib */ = {isa = PBXFileReference; fileEncoding = 4; lastKnownFileType = file.xib; path = ShowNamesViewController.xib; sourceTree = "<group>"; };
		F406F6241753CA1F006601C5 /* VenuesParser.h */ = {isa = PBXFileReference; fileEncoding = 4; lastKnownFileType = sourcecode.c.h; path = VenuesParser.h; sourceTree = "<group>"; };
		F406F6251753CA1F006601C5 /* VenuesParser.m */ = {isa = PBXFileReference; fileEncoding = 4; lastKnownFileType = sourcecode.c.objc; path = VenuesParser.m; sourceTree = "<group>"; };
		F406F6271753CA59006601C5 /* Venues.h */ = {isa = PBXFileReference; fileEncoding = 4; lastKnownFileType = sourcecode.c.h; path = Venues.h; sourceTree = "<group>"; };
		F406F6281753CA59006601C5 /* Venues.m */ = {isa = PBXFileReference; fileEncoding = 4; lastKnownFileType = sourcecode.c.objc; path = Venues.m; sourceTree = "<group>"; };
		F406F62A1753DFFC006601C5 /* APPBACKDROP568.png */ = {isa = PBXFileReference; lastKnownFileType = image.png; path = APPBACKDROP568.png; sourceTree = "<group>"; };
		F406F62C1753E030006601C5 /* Default-568h@2x.png */ = {isa = PBXFileReference; lastKnownFileType = image.png; path = "Default-568h@2x.png"; sourceTree = "<group>"; };
		F406F62E1753E506006601C5 /* backupIMG.png */ = {isa = PBXFileReference; lastKnownFileType = image.png; path = backupIMG.png; sourceTree = "<group>"; };
		F42EC1E0174A112F006F147E /* EventsParser.h */ = {isa = PBXFileReference; fileEncoding = 4; lastKnownFileType = sourcecode.c.h; path = EventsParser.h; sourceTree = "<group>"; };
		F42EC1E1174A112F006F147E /* EventsParser.m */ = {isa = PBXFileReference; fileEncoding = 4; lastKnownFileType = sourcecode.c.objc; path = EventsParser.m; sourceTree = "<group>"; };
		F42EC1E3174A1AD8006F147E /* Shows.h */ = {isa = PBXFileReference; fileEncoding = 4; lastKnownFileType = sourcecode.c.h; path = Shows.h; sourceTree = "<group>"; };
		F42EC1E4174A1AD8006F147E /* Shows.m */ = {isa = PBXFileReference; fileEncoding = 4; lastKnownFileType = sourcecode.c.objc; path = Shows.m; sourceTree = "<group>"; };
		F42EC1E6174A1B59006F147E /* Shows2.h */ = {isa = PBXFileReference; fileEncoding = 4; lastKnownFileType = sourcecode.c.h; path = Shows2.h; sourceTree = "<group>"; };
		F42EC1E7174A1B59006F147E /* Shows2.m */ = {isa = PBXFileReference; fileEncoding = 4; lastKnownFileType = sourcecode.c.objc; path = Shows2.m; sourceTree = "<group>"; };
		F42EC22D174A4AF0006F147E /* MainWindow-iPad.xib */ = {isa = PBXFileReference; lastKnownFileType = file.xib; name = "MainWindow-iPad.xib"; path = "iPad/MainWindow-iPad.xib"; sourceTree = "<group>"; };
		F42EC263174A616B006F147E /* 1.png */ = {isa = PBXFileReference; lastKnownFileType = image.png; path = 1.png; sourceTree = "<group>"; };
		F42EC264174A616B006F147E /* 2.png */ = {isa = PBXFileReference; lastKnownFileType = image.png; path = 2.png; sourceTree = "<group>"; };
		F42EC265174A616B006F147E /* 3.png */ = {isa = PBXFileReference; lastKnownFileType = image.png; path = 3.png; sourceTree = "<group>"; };
		F42EC266174A616B006F147E /* 4.png */ = {isa = PBXFileReference; lastKnownFileType = image.png; path = 4.png; sourceTree = "<group>"; };
		F42EC267174A616B006F147E /* 5.png */ = {isa = PBXFileReference; lastKnownFileType = image.png; path = 5.png; sourceTree = "<group>"; };
		F42EC268174A616B006F147E /* 6.png */ = {isa = PBXFileReference; lastKnownFileType = image.png; path = 6.png; sourceTree = "<group>"; };
		F42EC269174A616B006F147E /* 7.png */ = {isa = PBXFileReference; lastKnownFileType = image.png; path = 7.png; sourceTree = "<group>"; };
		F42EC26A174A616B006F147E /* 8.png */ = {isa = PBXFileReference; lastKnownFileType = image.png; path = 8.png; sourceTree = "<group>"; };
		F42EC26B174A616B006F147E /* 9.png */ = {isa = PBXFileReference; lastKnownFileType = image.png; path = 9.png; sourceTree = "<group>"; };
		F42EC26C174A616C006F147E /* 10.png */ = {isa = PBXFileReference; lastKnownFileType = image.png; path = 10.png; sourceTree = "<group>"; };
		F42EC26D174A616C006F147E /* 11.png */ = {isa = PBXFileReference; lastKnownFileType = image.png; path = 11.png; sourceTree = "<group>"; };
		F42EC26E174A616C006F147E /* 12.png */ = {isa = PBXFileReference; lastKnownFileType = image.png; path = 12.png; sourceTree = "<group>"; };
		F42EC281174A9D80006F147E /* THLOGOalpha.png */ = {isa = PBXFileReference; lastKnownFileType = image.png; path = THLOGOalpha.png; sourceTree = "<group>"; };
		F4337B051655476C00E17025 /* iPhoneHeader.png */ = {isa = PBXFileReference; lastKnownFileType = image.png; path = iPhoneHeader.png; sourceTree = "<group>"; };
		F4337B071655492A00E17025 /* APPBACKDROP.png */ = {isa = PBXFileReference; lastKnownFileType = image.png; path = APPBACKDROP.png; sourceTree = "<group>"; };
		F4337B09165549D000E17025 /* DATEBACKBANNER.png */ = {isa = PBXFileReference; lastKnownFileType = image.png; path = DATEBACKBANNER.png; sourceTree = "<group>"; };
		F4337B0D16554C4700E17025 /* SEARCHBACKDROP.png */ = {isa = PBXFileReference; lastKnownFileType = image.png; path = SEARCHBACKDROP.png; sourceTree = "<group>"; };
		F43FF0A41753C86D004D19B1 /* VenuesViewController.h */ = {isa = PBXFileReference; fileEncoding = 4; lastKnownFileType = sourcecode.c.h; name = VenuesViewController.h; path = ../VenuesViewController.h; sourceTree = "<group>"; };
		F43FF0A51753C86D004D19B1 /* VenuesViewController.m */ = {isa = PBXFileReference; fileEncoding = 4; lastKnownFileType = sourcecode.c.objc; name = VenuesViewController.m; path = ../VenuesViewController.m; sourceTree = "<group>"; };
		F43FF0A61753C86D004D19B1 /* VenuesViewController.xib */ = {isa = PBXFileReference; fileEncoding = 4; lastKnownFileType = file.xib; path = VenuesViewController.xib; sourceTree = "<group>"; };
		F48CE070165F7F6200B515B0 /* tw.jpg */ = {isa = PBXFileReference; lastKnownFileType = image.jpeg; path = tw.jpg; sourceTree = "<group>"; };
		F4B0DC37165B95B9000F0494 /* 07-map-marker.png */ = {isa = PBXFileReference; lastKnownFileType = image.png; path = "07-map-marker.png"; sourceTree = "<group>"; };
		F4B0DC3D165B9741000F0494 /* 103-map.png */ = {isa = PBXFileReference; lastKnownFileType = image.png; path = "103-map.png"; sourceTree = "<group>"; };
		F4B0DC3F165B982E000F0494 /* 124-bullhorn.png */ = {isa = PBXFileReference; lastKnownFileType = image.png; path = "124-bullhorn.png"; sourceTree = "<group>"; };
		F4B0DCF4165BAB92000F0494 /* fb.jpg */ = {isa = PBXFileReference; lastKnownFileType = image.jpeg; path = fb.jpg; sourceTree = "<group>"; };
		F4B0DCFD165BB624000F0494 /* ContactViewController.h */ = {isa = PBXFileReference; fileEncoding = 4; lastKnownFileType = sourcecode.c.h; path = ContactViewController.h; sourceTree = "<group>"; };
		F4B0DCFE165BB625000F0494 /* ContactViewController.m */ = {isa = PBXFileReference; fileEncoding = 4; lastKnownFileType = sourcecode.c.objc; path = ContactViewController.m; sourceTree = "<group>"; };
		F4B0DCFF165BB626000F0494 /* ContactViewController.xib */ = {isa = PBXFileReference; fileEncoding = 4; lastKnownFileType = file.xib; name = ContactViewController.xib; path = Classes/ContactViewController.xib; sourceTree = "<group>"; };
		F4B0DD02165BB8AD000F0494 /* em.jpg */ = {isa = PBXFileReference; lastKnownFileType = image.jpeg; path = em.jpg; sourceTree = "<group>"; };
		F4B0DD04165BB924000F0494 /* 09-chat-2.png */ = {isa = PBXFileReference; lastKnownFileType = image.png; path = "09-chat-2.png"; sourceTree = "<group>"; };
		F4B0DD0E165BC7EE000F0494 /* app114x114.png */ = {isa = PBXFileReference; lastKnownFileType = image.png; path = app114x114.png; sourceTree = "<group>"; };
		F4B0DD10165BC810000F0494 /* app57x57.png */ = {isa = PBXFileReference; lastKnownFileType = image.png; path = app57x57.png; sourceTree = "<group>"; };
		F4B38A4E166242B10031863A /* Default.png */ = {isa = PBXFileReference; lastKnownFileType = image.png; path = Default.png; sourceTree = "<group>"; };
		F4B38A4F166242B10031863A /* Default@2x.png */ = {isa = PBXFileReference; lastKnownFileType = image.png; path = "Default@2x.png"; sourceTree = "<group>"; };
		F4C83927165A59D000DD7589 /* TC.png */ = {isa = PBXFileReference; lastKnownFileType = image.png; path = TC.png; sourceTree = "<group>"; };
		F4C83928165A59D000DD7589 /* TC2.png */ = {isa = PBXFileReference; lastKnownFileType = image.png; path = TC2.png; sourceTree = "<group>"; };
		F4E41CA6174F6B8100294E54 /* ResultsViewController.h */ = {isa = PBXFileReference; fileEncoding = 4; lastKnownFileType = sourcecode.c.h; name = ResultsViewController.h; path = ../ResultsViewController.h; sourceTree = "<group>"; };
		F4E41CA7174F6B8100294E54 /* ResultsViewController.m */ = {isa = PBXFileReference; fileEncoding = 4; lastKnownFileType = sourcecode.c.objc; name = ResultsViewController.m; path = ../ResultsViewController.m; sourceTree = "<group>"; };
		F4E41CA8174F6B8100294E54 /* ResultsViewController.xib */ = {isa = PBXFileReference; fileEncoding = 4; lastKnownFileType = file.xib; path = ResultsViewController.xib; sourceTree = "<group>"; };
		F4E41CAD174F80D700294E54 /* Results.h */ = {isa = PBXFileReference; fileEncoding = 4; lastKnownFileType = sourcecode.c.h; path = Results.h; sourceTree = "<group>"; };
		F4E41CAE174F80D700294E54 /* Results.m */ = {isa = PBXFileReference; fileEncoding = 4; lastKnownFileType = sourcecode.c.objc; path = Results.m; sourceTree = "<group>"; };
		F4E41CB0174F836500294E54 /* ResultsParser.h */ = {isa = PBXFileReference; fileEncoding = 4; lastKnownFileType = sourcecode.c.h; path = ResultsParser.h; sourceTree = "<group>"; };
		F4E41CB1174F836500294E54 /* ResultsParser.m */ = {isa = PBXFileReference; fileEncoding = 4; lastKnownFileType = sourcecode.c.objc; path = ResultsParser.m; sourceTree = "<group>"; };
		F4E41D551753628900294E54 /* MBProgressHUD.h */ = {isa = PBXFileReference; fileEncoding = 4; lastKnownFileType = sourcecode.c.h; path = MBProgressHUD.h; sourceTree = "<group>"; };
		F4E41D561753628900294E54 /* MBProgressHUD.m */ = {isa = PBXFileReference; fileEncoding = 4; lastKnownFileType = sourcecode.c.objc; path = MBProgressHUD.m; sourceTree = "<group>"; };
		F4EDA27A17369786007BB77F /* Venues.xml */ = {isa = PBXFileReference; fileEncoding = 4; lastKnownFileType = text.xml; path = Venues.xml; sourceTree = "<group>"; };
		F4EDA27E1748C87E007BB77F /* ShowListParser.h */ = {isa = PBXFileReference; fileEncoding = 4; lastKnownFileType = sourcecode.c.h; path = ShowListParser.h; sourceTree = "<group>"; };
		F4EDA27F1748C87E007BB77F /* ShowListParser.m */ = {isa = PBXFileReference; fileEncoding = 4; lastKnownFileType = sourcecode.c.objc; path = ShowListParser.m; sourceTree = "<group>"; };
		F4EDA2821748C8F6007BB77F /* ShowsList.h */ = {isa = PBXFileReference; fileEncoding = 4; lastKnownFileType = sourcecode.c.h; path = ShowsList.h; sourceTree = "<group>"; };
		F4EDA2831748C8F6007BB77F /* ShowsList.m */ = {isa = PBXFileReference; fileEncoding = 4; lastKnownFileType = sourcecode.c.objc; path = ShowsList.m; sourceTree = "<group>"; };
/* End PBXFileReference section */

/* Begin PBXFrameworksBuildPhase section */
		1D60588F0D05DD3D006BFB54 /* Frameworks */ = {
			isa = PBXFrameworksBuildPhase;
			buildActionMask = 2147483647;
			files = (
				9B0BB08017568377002B4B13 /* libz.dylib in Frameworks */,
				9B0BB07E17568368002B4B13 /* SystemConfiguration.framework in Frameworks */,
				9B0BB07C1756835B002B4B13 /* CoreTelephony.framework in Frameworks */,
				854087AD139425680018ACFF /* CoreLocation.framework in Frameworks */,
				854087AB139425590018ACFF /* MapKit.framework in Frameworks */,
				1D60589F0D05DD5A006BFB54 /* Foundation.framework in Frameworks */,
				1DF5F4E00D08C38300B7A737 /* UIKit.framework in Frameworks */,
				288765FD0DF74451002DB57D /* CoreGraphics.framework in Frameworks */,
				9B0BB07A1756828B002B4B13 /* NewRelicAgent.framework in Frameworks */,
			);
			runOnlyForDeploymentPostprocessing = 0;
		};
/* End PBXFrameworksBuildPhase section */

/* Begin PBXGroup section */
		080E96DDFE201D6D7F000001 /* Classes */ = {
			isa = PBXGroup;
			children = (
				F4E41D551753628900294E54 /* MBProgressHUD.h */,
				F4E41D561753628900294E54 /* MBProgressHUD.m */,
				98B8FBA212A386730046CEE2 /* Tabs */,
				98B8FBA312A3867A0046CEE2 /* Common */,
				98B8FBA112A386500046CEE2 /* Application */,
			);
			path = Classes;
			sourceTree = "<group>";
		};
		19C28FACFE9D520D11CA2CBB /* Products */ = {
			isa = PBXGroup;
			children = (
				15AD15A51333695C00253319 /* TheTicketHunter.app */,
			);
			name = Products;
			sourceTree = "<group>";
		};
		29B97314FDCFA39411CA2CEA /* CustomTemplate */ = {
			isa = PBXGroup;
			children = (
				9B0BB07F17568377002B4B13 /* libz.dylib */,
				9B0BB07D17568368002B4B13 /* SystemConfiguration.framework */,
				9B0BB07B1756835B002B4B13 /* CoreTelephony.framework */,
				F406F62C1753E030006601C5 /* Default-568h@2x.png */,
				F4EDA2811748C8D4007BB77F /* Model */,
				080E96DDFE201D6D7F000001 /* Classes */,
				29B97315FDCFA39411CA2CEA /* Other Sources */,
				29B97317FDCFA39411CA2CEA /* Resources */,
				F42EC22C174A4AEF006F147E /* iPad */,
				29B97323FDCFA39411CA2CEA /* Frameworks */,
				19C28FACFE9D520D11CA2CBB /* Products */,
			);
			name = CustomTemplate;
			sourceTree = "<group>";
			usesTabs = 0;
		};
		29B97315FDCFA39411CA2CEA /* Other Sources */ = {
			isa = PBXGroup;
			children = (
				32CA4F630368D1EE00C91783 /* TheTicketHunter_Prefix.pch */,
				29B97316FDCFA39411CA2CEA /* main.m */,
			);
			name = "Other Sources";
			sourceTree = "<group>";
		};
		29B97317FDCFA39411CA2CEA /* Resources */ = {
			isa = PBXGroup;
			children = (
				98B8FBA412A386CC0046CEE2 /* images */,
				F4EDA27A17369786007BB77F /* Venues.xml */,
				9B0BB06E17554566002B4B13 /* NewMapViewController.xib */,
				F43FF0A61753C86D004D19B1 /* VenuesViewController.xib */,
				9B0BB05F175409ED002B4B13 /* WebViewController.xib */,
				9B4DB7581742899000EBF77E /* EventsViewController.xib */,
				98B1504B129A528B007D2E15 /* SearchViewController.xib */,
				F4B0DCFF165BB626000F0494 /* ContactViewController.xib */,
				28AD733E0D9D9553002E5188 /* MainWindow.xib */,
				9B4DB75B17428C3000EBF77E /* ShowNamesViewController.xib */,
				F4E41CA8174F6B8100294E54 /* ResultsViewController.xib */,
				85408799139421A40018ACFF /* Theatres.plist */,
				8D1107310486CEB800E47090 /* TheTicketHunter-Info.plist */,
			);
			name = Resources;
			sourceTree = "<group>";
		};
		29B97323FDCFA39411CA2CEA /* Frameworks */ = {
			isa = PBXGroup;
			children = (
				9B0BB0791756828B002B4B13 /* NewRelicAgent.framework */,
				854087AA139425590018ACFF /* MapKit.framework */,
				854087AC139425680018ACFF /* CoreLocation.framework */,
				1DF5F4DF0D08C38300B7A737 /* UIKit.framework */,
				1D30AB110D05D00D00671497 /* Foundation.framework */,
				288765FC0DF74451002DB57D /* CoreGraphics.framework */,
			);
			name = Frameworks;
			sourceTree = "<group>";
		};
		98B8FBA112A386500046CEE2 /* Application */ = {
			isa = PBXGroup;
			children = (
				9B0BB05D175409ED002B4B13 /* WebViewController.h */,
				9B0BB05E175409ED002B4B13 /* WebViewController.m */,
				1D3623240D0F684500981E51 /* TheatreBillboardAppDelegate.h */,
				1D3623250D0F684500981E51 /* TheatreBillboardAppDelegate.m */,
				F4EDA27E1748C87E007BB77F /* ShowListParser.h */,
				F4EDA27F1748C87E007BB77F /* ShowListParser.m */,
				F42EC1E0174A112F006F147E /* EventsParser.h */,
				F42EC1E1174A112F006F147E /* EventsParser.m */,
				F4E41CB0174F836500294E54 /* ResultsParser.h */,
				F4E41CB1174F836500294E54 /* ResultsParser.m */,
				F406F6241753CA1F006601C5 /* VenuesParser.h */,
				F406F6251753CA1F006601C5 /* VenuesParser.m */,
				9B0BB06C17554566002B4B13 /* NewMapViewController.h */,
				9B0BB06D17554566002B4B13 /* NewMapViewController.m */,
			);
			name = Application;
			sourceTree = "<group>";
		};
		98B8FBA212A386730046CEE2 /* Tabs */ = {
			isa = PBXGroup;
			children = (
				98B15049129A528B007D2E15 /* SearchViewController.h */,
				98B1504A129A528B007D2E15 /* SearchViewController.m */,
				F4B0DCFD165BB624000F0494 /* ContactViewController.h */,
				F4B0DCFE165BB625000F0494 /* ContactViewController.m */,
				9B4DB7561742899000EBF77E /* EventsViewController.h */,
				9B4DB7571742899000EBF77E /* EventsViewController.m */,
				F4E41CA6174F6B8100294E54 /* ResultsViewController.h */,
				F4E41CA7174F6B8100294E54 /* ResultsViewController.m */,
				F43FF0A41753C86D004D19B1 /* VenuesViewController.h */,
				F43FF0A51753C86D004D19B1 /* VenuesViewController.m */,
			);
			name = Tabs;
			sourceTree = "<group>";
		};
		98B8FBA312A3867A0046CEE2 /* Common */ = {
			isa = PBXGroup;
			children = (
				98818A6A129E826700D78113 /* ShowNamesViewController.h */,
				98818A6B129E826700D78113 /* ShowNamesViewController.m */,
				98B15057129A52BA007D2E15 /* DisplayViewController.m */,
				98B15056129A52BA007D2E15 /* DisplayViewController.h */,
			);
			name = Common;
			sourceTree = "<group>";
		};
		98B8FBA412A386CC0046CEE2 /* images */ = {
			isa = PBXGroup;
			children = (
				F406F62E1753E506006601C5 /* backupIMG.png */,
				F42EC281174A9D80006F147E /* THLOGOalpha.png */,
				F4B0DD04165BB924000F0494 /* 09-chat-2.png */,
				F48CE070165F7F6200B515B0 /* tw.jpg */,
				F4B0DD02165BB8AD000F0494 /* em.jpg */,
				F4B38A4E166242B10031863A /* Default.png */,
				F4B38A4F166242B10031863A /* Default@2x.png */,
				F4B0DCF4165BAB92000F0494 /* fb.jpg */,
				F4B0DC3F165B982E000F0494 /* 124-bullhorn.png */,
				F4B0DC3D165B9741000F0494 /* 103-map.png */,
				F4B0DD10165BC810000F0494 /* app57x57.png */,
				F4B0DC37165B95B9000F0494 /* 07-map-marker.png */,
				F4C83927165A59D000DD7589 /* TC.png */,
				F4C83928165A59D000DD7589 /* TC2.png */,
				F4337B09165549D000E17025 /* DATEBACKBANNER.png */,
				F4337B0D16554C4700E17025 /* SEARCHBACKDROP.png */,
				F4B0DD0E165BC7EE000F0494 /* app114x114.png */,
				F4337B071655492A00E17025 /* APPBACKDROP.png */,
				F406F62A1753DFFC006601C5 /* APPBACKDROP568.png */,
				F4337B051655476C00E17025 /* iPhoneHeader.png */,
				15E3EA40135459B6009C784C /* encore.gif */,
				15E3EA41135459B6009C784C /* getmein.jpg */,
				15E3EA42135459B6009C784C /* lastminute.gif */,
				15E3EA43135459B6009C784C /* londontheatredirect.jpg */,
				15E3EA44135459B6009C784C /* seatwave.jpg */,
				15E3EA45135459B6009C784C /* see.jpg */,
				15E3EA46135459B6009C784C /* ticketmaster.jpg */,
				15E3EA47135459B6009C784C /* uktickets.jpg */,
				15E3EA48135459B6009C784C /* viagogo.jpg */,
				98B8FC6412A3E6970046CEE2 /* backW.png */,
				98B8FC6512A3E6970046CEE2 /* next.png */,
				9B3C35621749695900312233 /* WickedImg.jpg */,
				98B8FADD12A379BB0046CEE2 /* newspaper.png */,
				980F5BC0129FC84E009CA884 /* arrow@2x.png */,
				980F5BC1129FC84E009CA884 /* table2@2x.png */,
				980F5B4B129FB81C009CA884 /* arrowClear.png */,
				85FD4BC6137D5D0A00F51CC5 /* 340x411crop.png */,
				85FD4BF8137FEFD800F51CC5 /* 59-info.png */,
				85FD4BC8137D5D2D00F51CC5 /* 340x411squashed.png */,
				980F5AE0129FABC0009CA884 /* table2.png */,
				980F5ACE129FA9B4009CA884 /* arrow.png */,
				9881893F129E401000D78113 /* back.png */,
				98818918129E3AD300D78113 /* banner1.png */,
				85FD4BE5137D71A500F51CC5 /* 320x80.png */,
				85FD4BE9137D758000F51CC5 /* 178-city.png */,
				85E412BA1383B49B00F2DEE9 /* billboardwriting2.png */,
				98A7CF6E129D29A4006B8FF8 /* banner.png */,
				F42EC263174A616B006F147E /* 1.png */,
				F42EC264174A616B006F147E /* 2.png */,
				F42EC265174A616B006F147E /* 3.png */,
				F42EC266174A616B006F147E /* 4.png */,
				F42EC267174A616B006F147E /* 5.png */,
				F42EC268174A616B006F147E /* 6.png */,
				F42EC269174A616B006F147E /* 7.png */,
				F42EC26A174A616B006F147E /* 8.png */,
				F42EC26B174A616B006F147E /* 9.png */,
				F42EC26C174A616C006F147E /* 10.png */,
				F42EC26D174A616C006F147E /* 11.png */,
				F42EC26E174A616C006F147E /* 12.png */,
			);
			name = images;
			sourceTree = "<group>";
		};
		F42EC22C174A4AEF006F147E /* iPad */ = {
			isa = PBXGroup;
			children = (
				F42EC22D174A4AF0006F147E /* MainWindow-iPad.xib */,
			);
			name = iPad;
			sourceTree = "<group>";
		};
		F4EDA2811748C8D4007BB77F /* Model */ = {
			isa = PBXGroup;
			children = (
				F4EDA2821748C8F6007BB77F /* ShowsList.h */,
				F4EDA2831748C8F6007BB77F /* ShowsList.m */,
				F42EC1E3174A1AD8006F147E /* Shows.h */,
				F42EC1E4174A1AD8006F147E /* Shows.m */,
				F42EC1E6174A1B59006F147E /* Shows2.h */,
				F42EC1E7174A1B59006F147E /* Shows2.m */,
				F4E41CAD174F80D700294E54 /* Results.h */,
				F4E41CAE174F80D700294E54 /* Results.m */,
				F406F6271753CA59006601C5 /* Venues.h */,
				F406F6281753CA59006601C5 /* Venues.m */,
			);
			name = Model;
			sourceTree = "<group>";
		};
/* End PBXGroup section */

/* Begin PBXNativeTarget section */
		1D6058900D05DD3D006BFB54 /* TheTicketHunter */ = {
			isa = PBXNativeTarget;
			buildConfigurationList = 1D6058960D05DD3E006BFB54 /* Build configuration list for PBXNativeTarget "TheTicketHunter" */;
			buildPhases = (
				1D60588D0D05DD3D006BFB54 /* Resources */,
				1D60588E0D05DD3D006BFB54 /* Sources */,
				1D60588F0D05DD3D006BFB54 /* Frameworks */,
			);
			buildRules = (
			);
			dependencies = (
			);
			name = TheTicketHunter;
			productName = TheatreBillboard;
			productReference = 15AD15A51333695C00253319 /* TheTicketHunter.app */;
			productType = "com.apple.product-type.application";
		};
/* End PBXNativeTarget section */

/* Begin PBXProject section */
		29B97313FDCFA39411CA2CEA /* Project object */ = {
			isa = PBXProject;
			buildConfigurationList = C01FCF4E08A954540054247B /* Build configuration list for PBXProject "TheTicketHunter" */;
			compatibilityVersion = "Xcode 3.2";
			developmentRegion = English;
			hasScannedForEncodings = 1;
			knownRegions = (
				English,
				Japanese,
				French,
				German,
			);
			mainGroup = 29B97314FDCFA39411CA2CEA /* CustomTemplate */;
			projectDirPath = "";
			projectRoot = "";
			targets = (
				1D6058900D05DD3D006BFB54 /* TheTicketHunter */,
			);
		};
/* End PBXProject section */

/* Begin PBXResourcesBuildPhase section */
		1D60588D0D05DD3D006BFB54 /* Resources */ = {
			isa = PBXResourcesBuildPhase;
			buildActionMask = 2147483647;
			files = (
				28AD733F0D9D9553002E5188 /* MainWindow.xib in Resources */,
				98B1504D129A528B007D2E15 /* SearchViewController.xib in Resources */,
				98A7CF71129D29A4006B8FF8 /* banner.png in Resources */,
				98818919129E3AD300D78113 /* banner1.png in Resources */,
				98818940129E401000D78113 /* back.png in Resources */,
				980F5ACF129FA9B4009CA884 /* arrow.png in Resources */,
				980F5AE2129FABC0009CA884 /* table2.png in Resources */,
				980F5B4C129FB81C009CA884 /* arrowClear.png in Resources */,
				980F5BC2129FC84E009CA884 /* arrow@2x.png in Resources */,
				980F5BC3129FC84E009CA884 /* table2@2x.png in Resources */,
				98B8FADE12A379BB0046CEE2 /* newspaper.png in Resources */,
				98B8FC6612A3E6970046CEE2 /* backW.png in Resources */,
				98B8FC6712A3E6970046CEE2 /* next.png in Resources */,
				15E3EA49135459B6009C784C /* encore.gif in Resources */,
				15E3EA4A135459B6009C784C /* getmein.jpg in Resources */,
				15E3EA4B135459B6009C784C /* lastminute.gif in Resources */,
				15E3EA4C135459B6009C784C /* londontheatredirect.jpg in Resources */,
				15E3EA4D135459B6009C784C /* seatwave.jpg in Resources */,
				15E3EA4E135459B6009C784C /* see.jpg in Resources */,
				15E3EA4F135459B6009C784C /* ticketmaster.jpg in Resources */,
				15E3EA50135459B6009C784C /* uktickets.jpg in Resources */,
				15E3EA51135459B6009C784C /* viagogo.jpg in Resources */,
				85FD4BC7137D5D0A00F51CC5 /* 340x411crop.png in Resources */,
				85FD4BC9137D5D2D00F51CC5 /* 340x411squashed.png in Resources */,
				85FD4BE6137D71A500F51CC5 /* 320x80.png in Resources */,
				85FD4BEA137D758000F51CC5 /* 178-city.png in Resources */,
				85FD4BF9137FEFD800F51CC5 /* 59-info.png in Resources */,
				85E412BB1383B49B00F2DEE9 /* billboardwriting2.png in Resources */,
				8540879A139421A40018ACFF /* Theatres.plist in Resources */,
				F4337B061655476C00E17025 /* iPhoneHeader.png in Resources */,
				F4337B081655492A00E17025 /* APPBACKDROP.png in Resources */,
				F4337B0A165549D000E17025 /* DATEBACKBANNER.png in Resources */,
				F4337B0E16554C4700E17025 /* SEARCHBACKDROP.png in Resources */,
				F4C83929165A59D000DD7589 /* TC.png in Resources */,
				F4C8392A165A59D000DD7589 /* TC2.png in Resources */,
				F4B0DC38165B95B9000F0494 /* 07-map-marker.png in Resources */,
				F4B0DC3E165B9741000F0494 /* 103-map.png in Resources */,
				F4B0DC40165B982E000F0494 /* 124-bullhorn.png in Resources */,
				F4B0DCF5165BAB92000F0494 /* fb.jpg in Resources */,
				F4B0DD01165BB626000F0494 /* ContactViewController.xib in Resources */,
				F4B0DD03165BB8AD000F0494 /* em.jpg in Resources */,
				F4B0DD05165BB924000F0494 /* 09-chat-2.png in Resources */,
				F4B0DD0F165BC7FB000F0494 /* app114x114.png in Resources */,
				F4B0DD11165BC837000F0494 /* app57x57.png in Resources */,
				F48CE071165F7F6200B515B0 /* tw.jpg in Resources */,
				F4B38A50166242B10031863A /* Default.png in Resources */,
				F4B38A51166242B10031863A /* Default@2x.png in Resources */,
				F4EDA27B17369786007BB77F /* Venues.xml in Resources */,
				9B4DB75A1742899000EBF77E /* EventsViewController.xib in Resources */,
				9B4DB75C17428C3000EBF77E /* ShowNamesViewController.xib in Resources */,
				9B3C35631749695900312233 /* WickedImg.jpg in Resources */,
				F42EC22E174A4AF0006F147E /* MainWindow-iPad.xib in Resources */,
				F42EC26F174A616C006F147E /* 1.png in Resources */,
				F42EC270174A616C006F147E /* 2.png in Resources */,
				F42EC271174A616C006F147E /* 3.png in Resources */,
				F42EC272174A616C006F147E /* 4.png in Resources */,
				F42EC273174A616C006F147E /* 5.png in Resources */,
				F42EC274174A616C006F147E /* 6.png in Resources */,
				F42EC275174A616C006F147E /* 7.png in Resources */,
				F42EC276174A616C006F147E /* 8.png in Resources */,
				F42EC277174A616C006F147E /* 9.png in Resources */,
				F42EC278174A616C006F147E /* 10.png in Resources */,
				F42EC279174A616C006F147E /* 11.png in Resources */,
				F42EC27A174A616C006F147E /* 12.png in Resources */,
				F42EC282174A9D80006F147E /* THLOGOalpha.png in Resources */,
				F4E41CAA174F6B8100294E54 /* ResultsViewController.xib in Resources */,
				F43FF0A81753C86D004D19B1 /* VenuesViewController.xib in Resources */,
				F406F62B1753DFFC006601C5 /* APPBACKDROP568.png in Resources */,
				F406F62D1753E030006601C5 /* Default-568h@2x.png in Resources */,
				F406F62F1753E506006601C5 /* backupIMG.png in Resources */,
				9B0BB061175409EE002B4B13 /* WebViewController.xib in Resources */,
				9B0BB07017554566002B4B13 /* NewMapViewController.xib in Resources */,
			);
			runOnlyForDeploymentPostprocessing = 0;
		};
/* End PBXResourcesBuildPhase section */

/* Begin PBXSourcesBuildPhase section */
		1D60588E0D05DD3D006BFB54 /* Sources */ = {
			isa = PBXSourcesBuildPhase;
			buildActionMask = 2147483647;
			files = (
				1D60589B0D05DD56006BFB54 /* main.m in Sources */,
				1D3623260D0F684500981E51 /* TheatreBillboardAppDelegate.m in Sources */,
				98B1504C129A528B007D2E15 /* SearchViewController.m in Sources */,
				98B15059129A52BA007D2E15 /* DisplayViewController.m in Sources */,
				98818A6D129E826700D78113 /* ShowNamesViewController.m in Sources */,
				F4B0DD00165BB626000F0494 /* ContactViewController.m in Sources */,
				9B4DB7591742899000EBF77E /* EventsViewController.m in Sources */,
				F4EDA2801748C87E007BB77F /* ShowListParser.m in Sources */,
				F4EDA2841748C8F6007BB77F /* ShowsList.m in Sources */,
				F42EC1E2174A112F006F147E /* EventsParser.m in Sources */,
				F42EC1E5174A1AD8006F147E /* Shows.m in Sources */,
				F42EC1E8174A1B59006F147E /* Shows2.m in Sources */,
				F4E41CA9174F6B8100294E54 /* ResultsViewController.m in Sources */,
				F4E41CAF174F80D700294E54 /* Results.m in Sources */,
				F4E41CB2174F836500294E54 /* ResultsParser.m in Sources */,
				F4E41D571753628900294E54 /* MBProgressHUD.m in Sources */,
				F43FF0A71753C86D004D19B1 /* VenuesViewController.m in Sources */,
				F406F6261753CA1F006601C5 /* VenuesParser.m in Sources */,
				F406F6291753CA59006601C5 /* Venues.m in Sources */,
				9B0BB060175409EE002B4B13 /* WebViewController.m in Sources */,
				9B0BB06F17554566002B4B13 /* NewMapViewController.m in Sources */,
			);
			runOnlyForDeploymentPostprocessing = 0;
		};
/* End PBXSourcesBuildPhase section */

/* Begin XCBuildConfiguration section */
		1D6058940D05DD3E006BFB54 /* Debug */ = {
			isa = XCBuildConfiguration;
			buildSettings = {
				ALWAYS_SEARCH_USER_PATHS = NO;
				CODE_SIGN_IDENTITY = "iPhone Developer";
				"CODE_SIGN_IDENTITY[sdk=iphoneos*]" = "iPhone Developer";
				"CODE_SIGN_IDENTITY[sdk=iphoneos4.1]" = "iPhone Developer";
				COPY_PHASE_STRIP = NO;
				FRAMEWORK_SEARCH_PATHS = (
					"$(inherited)",
					"\"$(SRCROOT)\"",
				);
				GCC_DYNAMIC_NO_PIC = NO;
				GCC_OPTIMIZATION_LEVEL = 0;
				GCC_PRECOMPILE_PREFIX_HEADER = YES;
				GCC_PREFIX_HEADER = TheTicketHunter_Prefix.pch;
				INFOPLIST_FILE = "TheTicketHunter-Info.plist";
				IPHONEOS_DEPLOYMENT_TARGET = 6.0;
				PRODUCT_NAME = TheTicketHunter;
				PROVISIONING_PROFILE = "";
				"PROVISIONING_PROFILE[sdk=iphoneos*]" = "";
				"PROVISIONING_PROFILE[sdk=iphoneos4.1]" = "";
				SDKROOT = iphoneos;
				TARGETED_DEVICE_FAMILY = 1;
			};
			name = Debug;
		};
		1D6058950D05DD3E006BFB54 /* Release */ = {
			isa = XCBuildConfiguration;
			buildSettings = {
				ALWAYS_SEARCH_USER_PATHS = NO;
				CODE_SIGN_IDENTITY = "iPhone Developer";
				"CODE_SIGN_IDENTITY[sdk=iphoneos*]" = "iPhone Developer";
				"CODE_SIGN_IDENTITY[sdk=iphoneos4.1]" = "iPhone Developer";
				COPY_PHASE_STRIP = YES;
				FRAMEWORK_SEARCH_PATHS = (
					"$(inherited)",
					"\"$(SRCROOT)\"",
				);
				GCC_PRECOMPILE_PREFIX_HEADER = YES;
				GCC_PREFIX_HEADER = TheTicketHunter_Prefix.pch;
				INFOPLIST_FILE = "TheTicketHunter-Info.plist";
				IPHONEOS_DEPLOYMENT_TARGET = 6.0;
				PRODUCT_NAME = TheTicketHunter;
				PROVISIONING_PROFILE = "";
				"PROVISIONING_PROFILE[sdk=iphoneos*]" = "";
				"PROVISIONING_PROFILE[sdk=iphoneos4.1]" = "";
				SDKROOT = iphoneos;
				TARGETED_DEVICE_FAMILY = 1;
				VALIDATE_PRODUCT = YES;
			};
			name = Release;
		};
		9802CFF112A7C429007565F7 /* Distribution */ = {
			isa = XCBuildConfiguration;
			buildSettings = {
				ARCHS = "$(ARCHS_STANDARD_32_BIT)";
				CODE_SIGN_IDENTITY = "iPhone Developer: Richard Allen (8HTJF229LT)";
				"CODE_SIGN_IDENTITY[sdk=iphoneos*]" = "iPhone Developer: Richard Allen (8HTJF229LT)";
				GCC_C_LANGUAGE_STANDARD = c99;
				GCC_WARN_ABOUT_RETURN_TYPE = YES;
				GCC_WARN_UNUSED_VARIABLE = YES;
				IPHONEOS_DEPLOYMENT_TARGET = 6.0;
				OTHER_CFLAGS = "-DNS_BLOCK_ASSERTIONS=1";
				PREBINDING = NO;
				PROVISIONING_PROFILE = "B8150166-9226-4DA3-B610-A50DB5FB8610";
				"PROVISIONING_PROFILE[sdk=iphoneos*]" = "B8150166-9226-4DA3-B610-A50DB5FB8610";
				SDKROOT = iphoneos4.1;
			};
			name = Distribution;
		};
		9802CFF212A7C429007565F7 /* Distribution */ = {
			isa = XCBuildConfiguration;
			buildSettings = {
				ALWAYS_SEARCH_USER_PATHS = NO;
				CODE_SIGN_IDENTITY = "iPhone Developer";
				"CODE_SIGN_IDENTITY[sdk=iphoneos*]" = "iPhone Developer";
				"CODE_SIGN_IDENTITY[sdk=iphoneos4.1]" = "iPhone Developer";
				COPY_PHASE_STRIP = YES;
				FRAMEWORK_SEARCH_PATHS = (
					"$(inherited)",
					"\"$(SRCROOT)\"",
				);
				GCC_PRECOMPILE_PREFIX_HEADER = YES;
				GCC_PREFIX_HEADER = TheTicketHunter_Prefix.pch;
				INFOPLIST_FILE = "TheTicketHunter-Info.plist";
				IPHONEOS_DEPLOYMENT_TARGET = 6.0;
				PRODUCT_NAME = TheTicketHunter;
				PROVISIONING_PROFILE = "";
				"PROVISIONING_PROFILE[sdk=iphoneos*]" = "";
				"PROVISIONING_PROFILE[sdk=iphoneos4.1]" = "";
				SDKROOT = iphoneos;
				TARGETED_DEVICE_FAMILY = 1;
				VALIDATE_PRODUCT = YES;
			};
			name = Distribution;
		};
		C01FCF4F08A954540054247B /* Debug */ = {
			isa = XCBuildConfiguration;
			buildSettings = {
				ARCHS = "$(ARCHS_STANDARD_32_BIT)";
				CODE_SIGN_IDENTITY = "iPhone Developer: Richard Allen (8HTJF229LT)";
				"CODE_SIGN_IDENTITY[sdk=iphoneos*]" = "iPhone Developer";
				GCC_C_LANGUAGE_STANDARD = c99;
				GCC_WARN_ABOUT_RETURN_TYPE = YES;
				GCC_WARN_UNUSED_VARIABLE = YES;
				IPHONEOS_DEPLOYMENT_TARGET = 6.0;
				PREBINDING = NO;
				PROVISIONING_PROFILE = "B8150166-9226-4DA3-B610-A50DB5FB8610";
				"PROVISIONING_PROFILE[sdk=iphoneos*]" = "";
				SDKROOT = iphoneos4.1;
			};
			name = Debug;
		};
		C01FCF5008A954540054247B /* Release */ = {
			isa = XCBuildConfiguration;
			buildSettings = {
				ARCHS = "$(ARCHS_STANDARD_32_BIT)";
				CODE_SIGN_IDENTITY = "iPhone Developer: Richard Allen (8HTJF229LT)";
				"CODE_SIGN_IDENTITY[sdk=iphoneos*]" = "iPhone Developer";
				GCC_C_LANGUAGE_STANDARD = c99;
				GCC_WARN_ABOUT_RETURN_TYPE = YES;
				GCC_WARN_UNUSED_VARIABLE = YES;
				IPHONEOS_DEPLOYMENT_TARGET = 6.0;
				OTHER_CFLAGS = "-DNS_BLOCK_ASSERTIONS=1";
				PREBINDING = NO;
				PROVISIONING_PROFILE = "B8150166-9226-4DA3-B610-A50DB5FB8610";
				SDKROOT = iphoneos4.1;
			};
			name = Release;
		};
/* End XCBuildConfiguration section */

/* Begin XCConfigurationList section */
		1D6058960D05DD3E006BFB54 /* Build configuration list for PBXNativeTarget "TheTicketHunter" */ = {
			isa = XCConfigurationList;
			buildConfigurations = (
				1D6058940D05DD3E006BFB54 /* Debug */,
				1D6058950D05DD3E006BFB54 /* Release */,
				9802CFF212A7C429007565F7 /* Distribution */,
			);
			defaultConfigurationIsVisible = 0;
			defaultConfigurationName = Release;
		};
		C01FCF4E08A954540054247B /* Build configuration list for PBXProject "TheTicketHunter" */ = {
			isa = XCConfigurationList;
			buildConfigurations = (
				C01FCF4F08A954540054247B /* Debug */,
				C01FCF5008A954540054247B /* Release */,
				9802CFF112A7C429007565F7 /* Distribution */,
			);
			defaultConfigurationIsVisible = 0;
			defaultConfigurationName = Release;
		};
/* End XCConfigurationList section */
	};
	rootObject = 29B97313FDCFA39411CA2CEA /* Project object */;
}
